
Microsoft Visual Studio Solution File, Format Version 12.00
# Visual Studio 15
VisualStudioVersion = 15.0.28307.106
MinimumVisualStudioVersion = 10.0.40219.1
Project("{FAE04EC0-301F-11D3-BF4B-00C04F79EFBC}") = "UsingViewComponents", "UsingViewComponents\UsingViewComponents.csproj", "{15B7D8D6-3F6D-43A6-8656-20EA33A5DF5E}"
EndProject
Project("{FAE04EC0-301F-11D3-BF4B-00C04F79EFBC}") = "UsingViewComponents.Tests", "UsingViewComponents.Tests\UsingViewComponents.Tests.csproj", "{70A3522D-ED07-44B1-A18F-BB2DDBAABA99}"
EndProject
Global
	GlobalSection(SolutionConfigurationPlatforms) = preSolution
		Debug|Any CPU = Debug|Any CPU
		Release|Any CPU = Release|Any CPU
	EndGlobalSection
	GlobalSection(ProjectConfigurationPlatforms) = postSolution
		{15B7D8D6-3F6D-43A6-8656-20EA33A5DF5E}.Debug|Any CPU.ActiveCfg = Debug|Any CPU
		{15B7D8D6-3F6D-43A6-8656-20EA33A5DF5E}.Debug|Any CPU.Build.0 = Debug|Any CPU
		{15B7D8D6-3F6D-43A6-8656-20EA33A5DF5E}.Release|Any CPU.ActiveCfg = Release|Any CPU
		{15B7D8D6-3F6D-43A6-8656-20EA33A5DF5E}.Release|Any CPU.Build.0 = Release|Any CPU
		{70A3522D-ED07-44B1-A18F-BB2DDBAABA99}.Debug|Any CPU.ActiveCfg = Debug|Any CPU
		{70A3522D-ED07-44B1-A18F-BB2DDBAABA99}.Debug|Any CPU.Build.0 = Debug|Any CPU
		{70A3522D-ED07-44B1-A18F-BB2DDBAABA99}.Release|Any CPU.ActiveCfg = Release|Any CPU
		{70A3522D-ED07-44B1-A18F-BB2DDBAABA99}.Release|Any CPU.Build.0 = Release|Any CPU
	EndGlobalSection
	GlobalSection(SolutionProperties) = preSolution
		HideSolutionNode = FALSE
	EndGlobalSection
	GlobalSection(ExtensibilityGlobals) = postSolution
		SolutionGuid = {96C962A4-35C5-48C3-AC8C-70EF61A5174F}
	EndGlobalSection
EndGlobal
