
Microsoft Visual Studio Solution File, Format Version 12.00
# Visual Studio 15
VisualStudioVersion = 15.0.28010.2048
MinimumVisualStudioVersion = 10.0.40219.1
Project("{FAE04EC0-301F-11D3-BF4B-00C04F79EFBC}") = "Razor", "Razor\Razor.csproj", "{8D0D1C5B-6993-477D-BD52-A90529C2B309}"
EndProject
Global
	GlobalSection(SolutionConfigurationPlatforms) = preSolution
		Debug|Any CPU = Debug|Any CPU
		Release|Any CPU = Release|Any CPU
	EndGlobalSection
	GlobalSection(ProjectConfigurationPlatforms) = postSolution
		{8D0D1C5B-6993-477D-BD52-A90529C2B309}.Debug|Any CPU.ActiveCfg = Debug|Any CPU
		{8D0D1C5B-6993-477D-BD52-A90529C2B309}.Debug|Any CPU.Build.0 = Debug|Any CPU
		{8D0D1C5B-6993-477D-BD52-A90529C2B309}.Release|Any CPU.ActiveCfg = Release|Any CPU
		{8D0D1C5B-6993-477D-BD52-A90529C2B309}.Release|Any CPU.Build.0 = Release|Any CPU
	EndGlobalSection
	GlobalSection(SolutionProperties) = preSolution
		HideSolutionNode = FALSE
	EndGlobalSection
	GlobalSection(ExtensibilityGlobals) = postSolution
		SolutionGuid = {711206A8-932E-43E3-81A9-BB50770BF7E8}
	EndGlobalSection
EndGlobal
