
Microsoft Visual Studio Solution File, Format Version 12.00
# Visual Studio 15
VisualStudioVersion = 15.0.28010.2050
MinimumVisualStudioVersion = 10.0.40219.1
Project("{9A19103F-16F7-4668-BE54-9A1E7A4F7556}") = "SportsStore", "SportsStore\SportsStore.csproj", "{90024171-EDB3-44D8-BA42-70054B7C5861}"
EndProject
Project("{9A19103F-16F7-4668-BE54-9A1E7A4F7556}") = "SportsStore.Tests", "SportsStore.Tests\SportsStore.Tests.csproj", "{F28CD3F9-E7CD-477D-A76E-E12F3D5BDF55}"
EndProject
Global
	GlobalSection(SolutionConfigurationPlatforms) = preSolution
		Debug|Any CPU = Debug|Any CPU
		Release|Any CPU = Release|Any CPU
	EndGlobalSection
	GlobalSection(ProjectConfigurationPlatforms) = postSolution
		{90024171-EDB3-44D8-BA42-70054B7C5861}.Debug|Any CPU.ActiveCfg = Debug|Any CPU
		{90024171-EDB3-44D8-BA42-70054B7C5861}.Debug|Any CPU.Build.0 = Debug|Any CPU
		{90024171-EDB3-44D8-BA42-70054B7C5861}.Release|Any CPU.ActiveCfg = Release|Any CPU
		{90024171-EDB3-44D8-BA42-70054B7C5861}.Release|Any CPU.Build.0 = Release|Any CPU
		{F28CD3F9-E7CD-477D-A76E-E12F3D5BDF55}.Debug|Any CPU.ActiveCfg = Debug|Any CPU
		{F28CD3F9-E7CD-477D-A76E-E12F3D5BDF55}.Debug|Any CPU.Build.0 = Debug|Any CPU
		{F28CD3F9-E7CD-477D-A76E-E12F3D5BDF55}.Release|Any CPU.ActiveCfg = Release|Any CPU
		{F28CD3F9-E7CD-477D-A76E-E12F3D5BDF55}.Release|Any CPU.Build.0 = Release|Any CPU
	EndGlobalSection
	GlobalSection(SolutionProperties) = preSolution
		HideSolutionNode = FALSE
	EndGlobalSection
	GlobalSection(ExtensibilityGlobals) = postSolution
		SolutionGuid = {EAE34EDA-76E5-425A-A4C3-E722F45C58B8}
	EndGlobalSection
EndGlobal
